
Microsoft Visual Studio Solution File, Format Version 12.00
# Visual Studio Version 16
VisualStudioVersion = 16.0.32002.261
MinimumVisualStudioVersion = 10.0.40219.1
Project("{9A19103F-16F7-4668-BE54-9A1E7A4F7556}") = "BookList", "BookList.csproj", "{513C023C-3D3B-41CB-99FA-74AD34667996}"
EndProject
Global
	GlobalSection(SolutionConfigurationPlatforms) = preSolution
		Debug|Any CPU = Debug|Any CPU
		Release|Any CPU = Release|Any CPU
	EndGlobalSection
	GlobalSection(ProjectConfigurationPlatforms) = postSolution
		{513C023C-3D3B-41CB-99FA-74AD34667996}.Debug|Any CPU.ActiveCfg = Debug|Any CPU
		{513C023C-3D3B-41CB-99FA-74AD34667996}.Debug|Any CPU.Build.0 = Debug|Any CPU
		{513C023C-3D3B-41CB-99FA-74AD34667996}.Release|Any CPU.ActiveCfg = Release|Any CPU
		{513C023C-3D3B-41CB-99FA-74AD34667996}.Release|Any CPU.Build.0 = Release|Any CPU
	EndGlobalSection
	GlobalSection(SolutionProperties) = preSolution
		HideSolutionNode = FALSE
	EndGlobalSection
	GlobalSection(ExtensibilityGlobals) = postSolution
		SolutionGuid = {D37A6816-8190-41A2-BF0B-A685888D3381}
	EndGlobalSection
EndGlobal
